// !$*UTF8*$!
{
	archiveVersion = 1;
	classes = {
	};
	objectVersion = 77;
	objects = {

/* Begin PBXBuildFile section */
		B78BB2482D5145AE00D2A997 /* ComposableArchitecture in Frameworks */ = {isa = PBXBuildFile; productRef = B78BB2472D5145AE00D2A997 /* ComposableArchitecture */; };
		B7AE1CF12D6644BC006B5DCE /* WaterfallGrid in Frameworks */ = {isa = PBXBuildFile; productRef = B7AE1CF02D6644BC006B5DCE /* WaterfallGrid */; };
		B7AE1CF82D68CDAF006B5DCE /* Aspekta-550.ttf in Resources */ = {isa = PBXBuildFile; fileRef = B7AE1CF62D68CDAF006B5DCE /* Aspekta-550.ttf */; };
		B7AE1CF92D68CDAF006B5DCE /* Aspekta-700.ttf in Resources */ = {isa = PBXBuildFile; fileRef = B7AE1CF72D68CDAF006B5DCE /* Aspekta-700.ttf */; };
		B7AE1CFA2D68CDAF006B5DCE /* Aspekta-400.ttf in Resources */ = {isa = PBXBuildFile; fileRef = B7AE1CF52D68CDAF006B5DCE /* Aspekta-400.ttf */; };
/* End PBXBuildFile section */

/* Begin PBXContainerItemProxy section */
		B78BB22A2D51457B00D2A997 /* PBXContainerItemProxy */ = {
			isa = PBXContainerItemProxy;
			containerPortal = B78BB2112D51457900D2A997 /* Project object */;
			proxyType = 1;
			remoteGlobalIDString = B78BB2182D51457900D2A997;
			remoteInfo = MomentumKit;
		};
		B78BB2342D51457B00D2A997 /* PBXContainerItemProxy */ = {
			isa = PBXContainerItemProxy;
			containerPortal = B78BB2112D51457900D2A997 /* Project object */;
			proxyType = 1;
			remoteGlobalIDString = B78BB2182D51457900D2A997;
			remoteInfo = MomentumKit;
		};
/* End PBXContainerItemProxy section */

/* Begin PBXFileReference section */
		B78BB2192D51457900D2A997 /* MomentumKit.app */ = {isa = PBXFileReference; explicitFileType = wrapper.application; includeInIndex = 0; path = MomentumKit.app; sourceTree = BUILT_PRODUCTS_DIR; };
		B78BB2292D51457B00D2A997 /* MomentumKitTests.xctest */ = {isa = PBXFileReference; explicitFileType = wrapper.cfbundle; includeInIndex = 0; path = MomentumKitTests.xctest; sourceTree = BUILT_PRODUCTS_DIR; };
		B78BB2332D51457B00D2A997 /* MomentumKitUITests.xctest */ = {isa = PBXFileReference; explicitFileType = wrapper.cfbundle; includeInIndex = 0; path = MomentumKitUITests.xctest; sourceTree = BUILT_PRODUCTS_DIR; };
		B7AE1CF52D68CDAF006B5DCE /* Aspekta-400.ttf */ = {isa = PBXFileReference; lastKnownFileType = file; path = "Aspekta-400.ttf"; sourceTree = "<group>"; };
		B7AE1CF62D68CDAF006B5DCE /* Aspekta-550.ttf */ = {isa = PBXFileReference; lastKnownFileType = file; path = "Aspekta-550.ttf"; sourceTree = "<group>"; };
		B7AE1CF72D68CDAF006B5DCE /* Aspekta-700.ttf */ = {isa = PBXFileReference; lastKnownFileType = file; path = "Aspekta-700.ttf"; sourceTree = "<group>"; };
/* End PBXFileReference section */

/* Begin PBXFileSystemSynchronizedBuildFileExceptionSet section */
		B7AE1CF42D68CBD9006B5DCE /* Exceptions for "MomentumKit" folder in "MomentumKit" target */ = {
			isa = PBXFileSystemSynchronizedBuildFileExceptionSet;
			membershipExceptions = (
				Info.plist,
			);
			target = B78BB2182D51457900D2A997 /* MomentumKit */;
		};
/* End PBXFileSystemSynchronizedBuildFileExceptionSet section */

/* Begin PBXFileSystemSynchronizedRootGroup section */
		B78BB21B2D51457900D2A997 /* MomentumKit */ = {
			isa = PBXFileSystemSynchronizedRootGroup;
			exceptions = (
				B7AE1CF42D68CBD9006B5DCE /* Exceptions for "MomentumKit" folder in "MomentumKit" target */,
			);
			path = MomentumKit;
			sourceTree = "<group>";
		};
		B78BB22C2D51457B00D2A997 /* MomentumKitTests */ = {
			isa = PBXFileSystemSynchronizedRootGroup;
			path = MomentumKitTests;
			sourceTree = "<group>";
		};
/* End PBXFileSystemSynchronizedRootGroup section */

/* Begin PBXFrameworksBuildPhase section */
		B78BB2162D51457900D2A997 /* Frameworks */ = {
			isa = PBXFrameworksBuildPhase;
			buildActionMask = 2147483647;
			files = (
				B78BB2482D5145AE00D2A997 /* ComposableArchitecture in Frameworks */,
				B7AE1CF12D6644BC006B5DCE /* WaterfallGrid in Frameworks */,
			);
			runOnlyForDeploymentPostprocessing = 0;
		};
		B78BB2262D51457B00D2A997 /* Frameworks */ = {
			isa = PBXFrameworksBuildPhase;
			buildActionMask = 2147483647;
			files = (
			);
			runOnlyForDeploymentPostprocessing = 0;
		};
		B78BB2302D51457B00D2A997 /* Frameworks */ = {
			isa = PBXFrameworksBuildPhase;
			buildActionMask = 2147483647;
			files = (
			);
			runOnlyForDeploymentPostprocessing = 0;
		};
/* End PBXFrameworksBuildPhase section */

/* Begin PBXGroup section */
		B78BB2102D51457900D2A997 = {
			isa = PBXGroup;
			children = (
				B78BB21B2D51457900D2A997 /* MomentumKit */,
				B78BB22C2D51457B00D2A997 /* MomentumKitTests */,
				B78BB21A2D51457900D2A997 /* Products */,
				B7AE1CF52D68CDAF006B5DCE /* Aspekta-400.ttf */,
				B7AE1CF62D68CDAF006B5DCE /* Aspekta-550.ttf */,
				B7AE1CF72D68CDAF006B5DCE /* Aspekta-700.ttf */,
			);
			sourceTree = "<group>";
		};
		B78BB21A2D51457900D2A997 /* Products */ = {
			isa = PBXGroup;
			children = (
				B78BB2192D51457900D2A997 /* MomentumKit.app */,
				B78BB2292D51457B00D2A997 /* MomentumKitTests.xctest */,
				B78BB2332D51457B00D2A997 /* MomentumKitUITests.xctest */,
			);
			name = Products;
			sourceTree = "<group>";
		};
/* End PBXGroup section */

/* Begin PBXNativeTarget section */
		B78BB2182D51457900D2A997 /* MomentumKit */ = {
			isa = PBXNativeTarget;
			buildConfigurationList = B78BB23D2D51457B00D2A997 /* Build configuration list for PBXNativeTarget "MomentumKit" */;
			buildPhases = (
				B78BB2152D51457900D2A997 /* Sources */,
				B78BB2162D51457900D2A997 /* Frameworks */,
				B78BB2172D51457900D2A997 /* Resources */,
			);
			buildRules = (
			);
			dependencies = (
			);
			fileSystemSynchronizedGroups = (
				B78BB21B2D51457900D2A997 /* MomentumKit */,
			);
			name = MomentumKit;
			packageProductDependencies = (
				B78BB2472D5145AE00D2A997 /* ComposableArchitecture */,
				B7AE1CF02D6644BC006B5DCE /* WaterfallGrid */,
			);
			productName = MomentumKit;
			productReference = B78BB2192D51457900D2A997 /* MomentumKit.app */;
			productType = "com.apple.product-type.application";
		};
		B78BB2282D51457B00D2A997 /* MomentumKitTests */ = {
			isa = PBXNativeTarget;
			buildConfigurationList = B78BB2402D51457B00D2A997 /* Build configuration list for PBXNativeTarget "MomentumKitTests" */;
			buildPhases = (
				B78BB2252D51457B00D2A997 /* Sources */,
				B78BB2262D51457B00D2A997 /* Frameworks */,
				B78BB2272D51457B00D2A997 /* Resources */,
			);
			buildRules = (
			);
			dependencies = (
				B78BB22B2D51457B00D2A997 /* PBXTargetDependency */,
			);
			fileSystemSynchronizedGroups = (
				B78BB22C2D51457B00D2A997 /* MomentumKitTests */,
			);
			name = MomentumKitTests;
			packageProductDependencies = (
			);
			productName = MomentumKitTests;
			productReference = B78BB2292D51457B00D2A997 /* MomentumKitTests.xctest */;
			productType = "com.apple.product-type.bundle.unit-test";
		};
		B78BB2322D51457B00D2A997 /* MomentumKitUITests */ = {
			isa = PBXNativeTarget;
			buildConfigurationList = B78BB2432D51457B00D2A997 /* Build configuration list for PBXNativeTarget "MomentumKitUITests" */;
			buildPhases = (
				B78BB22F2D51457B00D2A997 /* Sources */,
				B78BB2302D51457B00D2A997 /* Frameworks */,
				B78BB2312D51457B00D2A997 /* Resources */,
			);
			buildRules = (
			);
			dependencies = (
				B78BB2352D51457B00D2A997 /* PBXTargetDependency */,
			);
			name = MomentumKitUITests;
			packageProductDependencies = (
			);
			productName = MomentumKitUITests;
			productReference = B78BB2332D51457B00D2A997 /* MomentumKitUITests.xctest */;
			productType = "com.apple.product-type.bundle.ui-testing";
		};
/* End PBXNativeTarget section */

/* Begin PBXProject section */
		B78BB2112D51457900D2A997 /* Project object */ = {
			isa = PBXProject;
			attributes = {
				BuildIndependentTargetsInParallel = 1;
				LastSwiftUpdateCheck = 1620;
				LastUpgradeCheck = 1620;
				TargetAttributes = {
					B78BB2182D51457900D2A997 = {
						CreatedOnToolsVersion = 16.2;
					};
					B78BB2282D51457B00D2A997 = {
						CreatedOnToolsVersion = 16.2;
						TestTargetID = B78BB2182D51457900D2A997;
					};
					B78BB2322D51457B00D2A997 = {
						CreatedOnToolsVersion = 16.2;
						TestTargetID = B78BB2182D51457900D2A997;
					};
				};
			};
			buildConfigurationList = B78BB2142D51457900D2A997 /* Build configuration list for PBXProject "MomentumKit" */;
			developmentRegion = en;
			hasScannedForEncodings = 0;
			knownRegions = (
				en,
				Base,
			);
			mainGroup = B78BB2102D51457900D2A997;
			minimizedProjectReferenceProxies = 1;
			packageReferences = (
				B78BB2462D5145AE00D2A997 /* XCRemoteSwiftPackageReference "swift-composable-architecture" */,
				B7AE1CEF2D6644BC006B5DCE /* XCRemoteSwiftPackageReference "WaterfallGrid" */,
			);
			preferredProjectObjectVersion = 77;
			productRefGroup = B78BB21A2D51457900D2A997 /* Products */;
			projectDirPath = "";
			projectRoot = "";
			targets = (
				B78BB2182D51457900D2A997 /* MomentumKit */,
				B78BB2282D51457B00D2A997 /* MomentumKitTests */,
				B78BB2322D51457B00D2A997 /* MomentumKitUITests */,
			);
		};
/* End PBXProject section */

/* Begin PBXResourcesBuildPhase section */
		B78BB2172D51457900D2A997 /* Resources */ = {
			isa = PBXResourcesBuildPhase;
			buildActionMask = 2147483647;
			files = (
				B7AE1CF82D68CDAF006B5DCE /* Aspekta-550.ttf in Resources */,
				B7AE1CF92D68CDAF006B5DCE /* Aspekta-700.ttf in Resources */,
				B7AE1CFA2D68CDAF006B5DCE /* Aspekta-400.ttf in Resources */,
			);
			runOnlyForDeploymentPostprocessing = 0;
		};
		B78BB2272D51457B00D2A997 /* Resources */ = {
			isa = PBXResourcesBuildPhase;
			buildActionMask = 2147483647;
			files = (
			);
			runOnlyForDeploymentPostprocessing = 0;
		};
		B78BB2312D51457B00D2A997 /* Resources */ = {
			isa = PBXResourcesBuildPhase;
			buildActionMask = 2147483647;
			files = (
			);
			runOnlyForDeploymentPostprocessing = 0;
		};
/* End PBXResourcesBuildPhase section */

/* Begin PBXSourcesBuildPhase section */
		B78BB2152D51457900D2A997 /* Sources */ = {
			isa = PBXSourcesBuildPhase;
			buildActionMask = 2147483647;
			files = (
			);
			runOnlyForDeploymentPostprocessing = 0;
		};
		B78BB2252D51457B00D2A997 /* Sources */ = {
			isa = PBXSourcesBuildPhase;
			buildActionMask = 2147483647;
			files = (
			);
			runOnlyForDeploymentPostprocessing = 0;
		};
		B78BB22F2D51457B00D2A997 /* Sources */ = {
			isa = PBXSourcesBuildPhase;
			buildActionMask = 2147483647;
			files = (
			);
			runOnlyForDeploymentPostprocessing = 0;
		};
/* End PBXSourcesBuildPhase section */

/* Begin PBXTargetDependency section */
		B78BB22B2D51457B00D2A997 /* PBXTargetDependency */ = {
			isa = PBXTargetDependency;
			target = B78BB2182D51457900D2A997 /* MomentumKit */;
			targetProxy = B78BB22A2D51457B00D2A997 /* PBXContainerItemProxy */;
		};
		B78BB2352D51457B00D2A997 /* PBXTargetDependency */ = {
			isa = PBXTargetDependency;
			target = B78BB2182D51457900D2A997 /* MomentumKit */;
			targetProxy = B78BB2342D51457B00D2A997 /* PBXContainerItemProxy */;
		};
/* End PBXTargetDependency section */

/* Begin XCBuildConfiguration section */
		B78BB23B2D51457B00D2A997 /* Debug */ = {
			isa = XCBuildConfiguration;
			buildSettings = {
				ALWAYS_SEARCH_USER_PATHS = NO;
				ASSETCATALOG_COMPILER_GENERATE_SWIFT_ASSET_SYMBOL_EXTENSIONS = YES;
				CLANG_ANALYZER_NONNULL = YES;
				CLANG_ANALYZER_NUMBER_OBJECT_CONVERSION = YES_AGGRESSIVE;
				CLANG_CXX_LANGUAGE_STANDARD = "gnu++20";
				CLANG_ENABLE_MODULES = YES;
				CLANG_ENABLE_OBJC_ARC = YES;
				CLANG_ENABLE_OBJC_WEAK = YES;
				CLANG_WARN_BLOCK_CAPTURE_AUTORELEASING = YES;
				CLANG_WARN_BOOL_CONVERSION = YES;
				CLANG_WARN_COMMA = YES;
				CLANG_WARN_CONSTANT_CONVERSION = YES;
				CLANG_WARN_DEPRECATED_OBJC_IMPLEMENTATIONS = YES;
				CLANG_WARN_DIRECT_OBJC_ISA_USAGE = YES_ERROR;
				CLANG_WARN_DOCUMENTATION_COMMENTS = YES;
				CLANG_WARN_EMPTY_BODY = YES;
				CLANG_WARN_ENUM_CONVERSION = YES;
				CLANG_WARN_INFINITE_RECURSION = YES;
				CLANG_WARN_INT_CONVERSION = YES;
				CLANG_WARN_NON_LITERAL_NULL_CONVERSION = YES;
				CLANG_WARN_OBJC_IMPLICIT_RETAIN_SELF = YES;
				CLANG_WARN_OBJC_LITERAL_CONVERSION = YES;
				CLANG_WARN_OBJC_ROOT_CLASS = YES_ERROR;
				CLANG_WARN_QUOTED_INCLUDE_IN_FRAMEWORK_HEADER = YES;
				CLANG_WARN_RANGE_LOOP_ANALYSIS = YES;
				CLANG_WARN_STRICT_PROTOTYPES = YES;
				CLANG_WARN_SUSPICIOUS_MOVE = YES;
				CLANG_WARN_UNGUARDED_AVAILABILITY = YES_AGGRESSIVE;
				CLANG_WARN_UNREACHABLE_CODE = YES;
				CLANG_WARN__DUPLICATE_METHOD_MATCH = YES;
				COPY_PHASE_STRIP = NO;
				DEBUG_INFORMATION_FORMAT = dwarf;
				ENABLE_STRICT_OBJC_MSGSEND = YES;
				ENABLE_TESTABILITY = YES;
				ENABLE_USER_SCRIPT_SANDBOXING = YES;
				GCC_C_LANGUAGE_STANDARD = gnu17;
				GCC_DYNAMIC_NO_PIC = NO;
				GCC_NO_COMMON_BLOCKS = YES;
				GCC_OPTIMIZATION_LEVEL = 0;
				GCC_PREPROCESSOR_DEFINITIONS = (
					"DEBUG=1",
					"$(inherited)",
				);
				GCC_WARN_64_TO_32_BIT_CONVERSION = YES;
				GCC_WARN_ABOUT_RETURN_TYPE = YES_ERROR;
				GCC_WARN_UNDECLARED_SELECTOR = YES;
				GCC_WARN_UNINITIALIZED_AUTOS = YES_AGGRESSIVE;
				GCC_WARN_UNUSED_FUNCTION = YES;
				GCC_WARN_UNUSED_VARIABLE = YES;
				IPHONEOS_DEPLOYMENT_TARGET = 18.2;
				LOCALIZATION_PREFERS_STRING_CATALOGS = YES;
				MTL_ENABLE_DEBUG_INFO = INCLUDE_SOURCE;
				MTL_FAST_MATH = YES;
				ONLY_ACTIVE_ARCH = YES;
				SDKROOT = iphoneos;
				SWIFT_ACTIVE_COMPILATION_CONDITIONS = "DEBUG $(inherited)";
				SWIFT_OPTIMIZATION_LEVEL = "-Onone";
			};
			name = Debug;
		};
		B78BB23C2D51457B00D2A997 /* Release */ = {
			isa = XCBuildConfiguration;
			buildSettings = {
				ALWAYS_SEARCH_USER_PATHS = NO;
				ASSETCATALOG_COMPILER_GENERATE_SWIFT_ASSET_SYMBOL_EXTENSIONS = YES;
				CLANG_ANALYZER_NONNULL = YES;
				CLANG_ANALYZER_NUMBER_OBJECT_CONVERSION = YES_AGGRESSIVE;
				CLANG_CXX_LANGUAGE_STANDARD = "gnu++20";
				CLANG_ENABLE_MODULES = YES;
				CLANG_ENABLE_OBJC_ARC = YES;
				CLANG_ENABLE_OBJC_WEAK = YES;
				CLANG_WARN_BLOCK_CAPTURE_AUTORELEASING = YES;
				CLANG_WARN_BOOL_CONVERSION = YES;
				CLANG_WARN_COMMA = YES;
				CLANG_WARN_CONSTANT_CONVERSION = YES;
				CLANG_WARN_DEPRECATED_OBJC_IMPLEMENTATIONS = YES;
				CLANG_WARN_DIRECT_OBJC_ISA_USAGE = YES_ERROR;
				CLANG_WARN_DOCUMENTATION_COMMENTS = YES;
				CLANG_WARN_EMPTY_BODY = YES;
				CLANG_WARN_ENUM_CONVERSION = YES;
				CLANG_WARN_INFINITE_RECURSION = YES;
				CLANG_WARN_INT_CONVERSION = YES;
				CLANG_WARN_NON_LITERAL_NULL_CONVERSION = YES;
				CLANG_WARN_OBJC_IMPLICIT_RETAIN_SELF = YES;
				CLANG_WARN_OBJC_LITERAL_CONVERSION = YES;
				CLANG_WARN_OBJC_ROOT_CLASS = YES_ERROR;
				CLANG_WARN_QUOTED_INCLUDE_IN_FRAMEWORK_HEADER = YES;
				CLANG_WARN_RANGE_LOOP_ANALYSIS = YES;
				CLANG_WARN_STRICT_PROTOTYPES = YES;
				CLANG_WARN_SUSPICIOUS_MOVE = YES;
				CLANG_WARN_UNGUARDED_AVAILABILITY = YES_AGGRESSIVE;
				CLANG_WARN_UNREACHABLE_CODE = YES;
				CLANG_WARN__DUPLICATE_METHOD_MATCH = YES;
				COPY_PHASE_STRIP = NO;
				DEBUG_INFORMATION_FORMAT = "dwarf-with-dsym";
				ENABLE_NS_ASSERTIONS = NO;
				ENABLE_STRICT_OBJC_MSGSEND = YES;
				ENABLE_USER_SCRIPT_SANDBOXING = YES;
				GCC_C_LANGUAGE_STANDARD = gnu17;
				GCC_NO_COMMON_BLOCKS = YES;
				GCC_WARN_64_TO_32_BIT_CONVERSION = YES;
				GCC_WARN_ABOUT_RETURN_TYPE = YES_ERROR;
				GCC_WARN_UNDECLARED_SELECTOR = YES;
				GCC_WARN_UNINITIALIZED_AUTOS = YES_AGGRESSIVE;
				GCC_WARN_UNUSED_FUNCTION = YES;
				GCC_WARN_UNUSED_VARIABLE = YES;
				IPHONEOS_DEPLOYMENT_TARGET = 18.2;
				LOCALIZATION_PREFERS_STRING_CATALOGS = YES;
				MTL_ENABLE_DEBUG_INFO = NO;
				MTL_FAST_MATH = YES;
				SDKROOT = iphoneos;
				SWIFT_COMPILATION_MODE = wholemodule;
				VALIDATE_PRODUCT = YES;
			};
			name = Release;
		};
		B78BB23E2D51457B00D2A997 /* Debug */ = {
			isa = XCBuildConfiguration;
			buildSettings = {
				ASSETCATALOG_COMPILER_APPICON_NAME = AppIcon;
				ASSETCATALOG_COMPILER_GLOBAL_ACCENT_COLOR_NAME = AccentColor;
				CODE_SIGN_STYLE = Automatic;
				CURRENT_PROJECT_VERSION = 1;
				DEVELOPMENT_ASSET_PATHS = "\"MomentumKit/Preview Content\"";
				DEVELOPMENT_TEAM = L85D626Q4H;
				ENABLE_PREVIEWS = YES;
				GENERATE_INFOPLIST_FILE = YES;
				INFOPLIST_FILE = MomentumKit/Info.plist;
				INFOPLIST_KEY_UIApplicationSceneManifest_Generation = YES;
				INFOPLIST_KEY_UIApplicationSupportsIndirectInputEvents = YES;
				INFOPLIST_KEY_UILaunchScreen_Generation = YES;
				INFOPLIST_KEY_UISupportedInterfaceOrientations_iPad = "UIInterfaceOrientationPortrait UIInterfaceOrientationPortraitUpsideDown UIInterfaceOrientationLandscapeLeft UIInterfaceOrientationLandscapeRight";
				INFOPLIST_KEY_UISupportedInterfaceOrientations_iPhone = "UIInterfaceOrientationPortrait UIInterfaceOrientationLandscapeLeft UIInterfaceOrientationLandscapeRight";
				LD_RUNPATH_SEARCH_PATHS = (
					"$(inherited)",
					"@executable_path/Frameworks",
				);
				MARKETING_VERSION = 1.0;
				PRODUCT_BUNDLE_IDENTIFIER = com.specineff.MomentumKit;
				PRODUCT_NAME = "$(TARGET_NAME)";
				SWIFT_EMIT_LOC_STRINGS = YES;
				SWIFT_VERSION = 5.0;
				TARGETED_DEVICE_FAMILY = "1,2";
			};
			name = Debug;
		};
		B78BB23F2D51457B00D2A997 /* Release */ = {
			isa = XCBuildConfiguration;
			buildSettings = {
				ASSETCATALOG_COMPILER_APPICON_NAME = AppIcon;
				ASSETCATALOG_COMPILER_GLOBAL_ACCENT_COLOR_NAME = AccentColor;
				CODE_SIGN_STYLE = Automatic;
				CURRENT_PROJECT_VERSION = 1;
				DEVELOPMENT_ASSET_PATHS = "\"MomentumKit/Preview Content\"";
				DEVELOPMENT_TEAM = L85D626Q4H;
				ENABLE_PREVIEWS = YES;
				GENERATE_INFOPLIST_FILE = YES;
				INFOPLIST_FILE = MomentumKit/Info.plist;
				INFOPLIST_KEY_UIApplicationSceneManifest_Generation = YES;
				INFOPLIST_KEY_UIApplicationSupportsIndirectInputEvents = YES;
				INFOPLIST_KEY_UILaunchScreen_Generation = YES;
				INFOPLIST_KEY_UISupportedInterfaceOrientations_iPad = "UIInterfaceOrientationPortrait UIInterfaceOrientationPortraitUpsideDown UIInterfaceOrientationLandscapeLeft UIInterfaceOrientationLandscapeRight";
				INFOPLIST_KEY_UISupportedInterfaceOrientations_iPhone = "UIInterfaceOrientationPortrait UIInterfaceOrientationLandscapeLeft UIInterfaceOrientationLandscapeRight";
				LD_RUNPATH_SEARCH_PATHS = (
					"$(inherited)",
					"@executable_path/Frameworks",
				);
				MARKETING_VERSION = 1.0;
				PRODUCT_BUNDLE_IDENTIFIER = com.specineff.MomentumKit;
				PRODUCT_NAME = "$(TARGET_NAME)";
				SWIFT_EMIT_LOC_STRINGS = YES;
				SWIFT_VERSION = 5.0;
				TARGETED_DEVICE_FAMILY = "1,2";
			};
			name = Release;
		};
		B78BB2412D51457B00D2A997 /* Debug */ = {
			isa = XCBuildConfiguration;
			buildSettings = {
				BUNDLE_LOADER = "$(TEST_HOST)";
				CODE_SIGN_STYLE = Automatic;
				CURRENT_PROJECT_VERSION = 1;
				DEVELOPMENT_TEAM = L85D626Q4H;
				GENERATE_INFOPLIST_FILE = YES;
				IPHONEOS_DEPLOYMENT_TARGET = 18.2;
				MARKETING_VERSION = 1.0;
				PRODUCT_BUNDLE_IDENTIFIER = com.specineff.MomentumKitTests;
				PRODUCT_NAME = "$(TARGET_NAME)";
				SWIFT_EMIT_LOC_STRINGS = NO;
				SWIFT_VERSION = 5.0;
				TARGETED_DEVICE_FAMILY = "1,2";
				TEST_HOST = "$(BUILT_PRODUCTS_DIR)/MomentumKit.app/$(BUNDLE_EXECUTABLE_FOLDER_PATH)/MomentumKit";
			};
			name = Debug;
		};
		B78BB2422D51457B00D2A997 /* Release */ = {
			isa = XCBuildConfiguration;
			buildSettings = {
				BUNDLE_LOADER = "$(TEST_HOST)";
				CODE_SIGN_STYLE = Automatic;
				CURRENT_PROJECT_VERSION = 1;
				DEVELOPMENT_TEAM = L85D626Q4H;
				GENERATE_INFOPLIST_FILE = YES;
				IPHONEOS_DEPLOYMENT_TARGET = 18.2;
				MARKETING_VERSION = 1.0;
				PRODUCT_BUNDLE_IDENTIFIER = com.specineff.MomentumKitTests;
				PRODUCT_NAME = "$(TARGET_NAME)";
				SWIFT_EMIT_LOC_STRINGS = NO;
				SWIFT_VERSION = 5.0;
				TARGETED_DEVICE_FAMILY = "1,2";
				TEST_HOST = "$(BUILT_PRODUCTS_DIR)/MomentumKit.app/$(BUNDLE_EXECUTABLE_FOLDER_PATH)/MomentumKit";
			};
			name = Release;
		};
		B78BB2442D51457B00D2A997 /* Debug */ = {
			isa = XCBuildConfiguration;
			buildSettings = {
				CODE_SIGN_STYLE = Automatic;
				CURRENT_PROJECT_VERSION = 1;
				DEVELOPMENT_TEAM = L85D626Q4H;
				GENERATE_INFOPLIST_FILE = YES;
				MARKETING_VERSION = 1.0;
				PRODUCT_BUNDLE_IDENTIFIER = com.specineff.MomentumKitUITests;
				PRODUCT_NAME = "$(TARGET_NAME)";
				SWIFT_EMIT_LOC_STRINGS = NO;
				SWIFT_VERSION = 5.0;
				TARGETED_DEVICE_FAMILY = "1,2";
				TEST_TARGET_NAME = MomentumKit;
			};
			name = Debug;
		};
		B78BB2452D51457B00D2A997 /* Release */ = {
			isa = XCBuildConfiguration;
			buildSettings = {
				CODE_SIGN_STYLE = Automatic;
				CURRENT_PROJECT_VERSION = 1;
				DEVELOPMENT_TEAM = L85D626Q4H;
				GENERATE_INFOPLIST_FILE = YES;
				MARKETING_VERSION = 1.0;
				PRODUCT_BUNDLE_IDENTIFIER = com.specineff.MomentumKitUITests;
				PRODUCT_NAME = "$(TARGET_NAME)";
				SWIFT_EMIT_LOC_STRINGS = NO;
				SWIFT_VERSION = 5.0;
				TARGETED_DEVICE_FAMILY = "1,2";
				TEST_TARGET_NAME = MomentumKit;
			};
			name = Release;
		};
/* End XCBuildConfiguration section */

/* Begin XCConfigurationList section */
		B78BB2142D51457900D2A997 /* Build configuration list for PBXProject "MomentumKit" */ = {
			isa = XCConfigurationList;
			buildConfigurations = (
				B78BB23B2D51457B00D2A997 /* Debug */,
				B78BB23C2D51457B00D2A997 /* Release */,
			);
			defaultConfigurationIsVisible = 0;
			defaultConfigurationName = Release;
		};
		B78BB23D2D51457B00D2A997 /* Build configuration list for PBXNativeTarget "MomentumKit" */ = {
			isa = XCConfigurationList;
			buildConfigurations = (
				B78BB23E2D51457B00D2A997 /* Debug */,
				B78BB23F2D51457B00D2A997 /* Release */,
			);
			defaultConfigurationIsVisible = 0;
			defaultConfigurationName = Release;
		};
		B78BB2402D51457B00D2A997 /* Build configuration list for PBXNativeTarget "MomentumKitTests" */ = {
			isa = XCConfigurationList;
			buildConfigurations = (
				B78BB2412D51457B00D2A997 /* Debug */,
				B78BB2422D51457B00D2A997 /* Release */,
			);
			defaultConfigurationIsVisible = 0;
			defaultConfigurationName = Release;
		};
		B78BB2432D51457B00D2A997 /* Build configuration list for PBXNativeTarget "MomentumKitUITests" */ = {
			isa = XCConfigurationList;
			buildConfigurations = (
				B78BB2442D51457B00D2A997 /* Debug */,
				B78BB2452D51457B00D2A997 /* Release */,
			);
			defaultConfigurationIsVisible = 0;
			defaultConfigurationName = Release;
		};
/* End XCConfigurationList section */

/* Begin XCRemoteSwiftPackageReference section */
		B78BB2462D5145AE00D2A997 /* XCRemoteSwiftPackageReference "swift-composable-architecture" */ = {
			isa = XCRemoteSwiftPackageReference;
			repositoryURL = "https://github.com/pointfreeco/swift-composable-architecture.git";
			requirement = {
				kind = upToNextMajorVersion;
				minimumVersion = 1.17.1;
			};
		};
		B7AE1CEF2D6644BC006B5DCE /* XCRemoteSwiftPackageReference "WaterfallGrid" */ = {
			isa = XCRemoteSwiftPackageReference;
			repositoryURL = "https://github.com/paololeonardi/WaterfallGrid.git";
			requirement = {
				kind = upToNextMajorVersion;
				minimumVersion = 1.1.0;
			};
		};
/* End XCRemoteSwiftPackageReference section */

/* Begin XCSwiftPackageProductDependency section */
		B78BB2472D5145AE00D2A997 /* ComposableArchitecture */ = {
			isa = XCSwiftPackageProductDependency;
			package = B78BB2462D5145AE00D2A997 /* XCRemoteSwiftPackageReference "swift-composable-architecture" */;
			productName = ComposableArchitecture;
		};
		B7AE1CF02D6644BC006B5DCE /* WaterfallGrid */ = {
			isa = XCSwiftPackageProductDependency;
			package = B7AE1CEF2D6644BC006B5DCE /* XCRemoteSwiftPackageReference "WaterfallGrid" */;
			productName = WaterfallGrid;
		};
/* End XCSwiftPackageProductDependency section */
	};
	rootObject = B78BB2112D51457900D2A997 /* Project object */;
}
